// !$*UTF8*$!
{
	archiveVersion = 1;
	classes = {
	};
	objectVersion = 55;
	objects = {

/* Begin PBXBuildFile section */
		4C470DA5F0C1D835B61D38D0 /* Pods_TaskBook_TaskBookUITests.framework in Frameworks */ = {isa = PBXBuildFile; fileRef = 15E7A599BE142D07F8BE235F /* Pods_TaskBook_TaskBookUITests.framework */; };
		5BB887392046AD98D06030FB /* Pods_TaskBookTests.framework in Frameworks */ = {isa = PBXBuildFile; fileRef = 1B12277D214029184585C3D0 /* Pods_TaskBookTests.framework */; };
		5E4E97EB280F1C6500ED5D15 /* AppDelegate.swift in Sources */ = {isa = PBXBuildFile; fileRef = 5E4E97EA280F1C6500ED5D15 /* AppDelegate.swift */; };
		5E4E97ED280F1C6500ED5D15 /* SceneDelegate.swift in Sources */ = {isa = PBXBuildFile; fileRef = 5E4E97EC280F1C6500ED5D15 /* SceneDelegate.swift */; };
		5E4E97EF280F1C6500ED5D15 /* CalendarViewController.swift in Sources */ = {isa = PBXBuildFile; fileRef = 5E4E97EE280F1C6500ED5D15 /* CalendarViewController.swift */; };
		5E4E97F4280F1C6500ED5D15 /* Assets.xcassets in Resources */ = {isa = PBXBuildFile; fileRef = 5E4E97F3280F1C6500ED5D15 /* Assets.xcassets */; };
		5E4E97F7280F1C6500ED5D15 /* LaunchScreen.storyboard in Resources */ = {isa = PBXBuildFile; fileRef = 5E4E97F5280F1C6500ED5D15 /* LaunchScreen.storyboard */; };
		5E4E9802280F1C6500ED5D15 /* TaskBookTests.swift in Sources */ = {isa = PBXBuildFile; fileRef = 5E4E9801280F1C6500ED5D15 /* TaskBookTests.swift */; };
		5E4E980C280F1C6500ED5D15 /* TaskBookUITests.swift in Sources */ = {isa = PBXBuildFile; fileRef = 5E4E980B280F1C6500ED5D15 /* TaskBookUITests.swift */; };
		5E4E980E280F1C6500ED5D15 /* TaskBookUITestsLaunchTests.swift in Sources */ = {isa = PBXBuildFile; fileRef = 5E4E980D280F1C6500ED5D15 /* TaskBookUITestsLaunchTests.swift */; };
		5E83E7EC2810873D00160AA8 /* ModuleBuilder.swift in Sources */ = {isa = PBXBuildFile; fileRef = 5E83E7EB2810873D00160AA8 /* ModuleBuilder.swift */; };
		5E83E7EF281087F300160AA8 /* CalendarPresenter.swift in Sources */ = {isa = PBXBuildFile; fileRef = 5E83E7EE281087F300160AA8 /* CalendarPresenter.swift */; };
		5E83E7F2281147BE00160AA8 /* UIView.swift in Sources */ = {isa = PBXBuildFile; fileRef = 5E83E7F1281147BE00160AA8 /* UIView.swift */; };
		5E83E7F4281147E800160AA8 /* UITableView.swift in Sources */ = {isa = PBXBuildFile; fileRef = 5E83E7F3281147E800160AA8 /* UITableView.swift */; };
		5E83E7F62811480D00160AA8 /* UITableViewCell.swift in Sources */ = {isa = PBXBuildFile; fileRef = 5E83E7F52811480D00160AA8 /* UITableViewCell.swift */; };
		5E83E7F92811E7FC00160AA8 /* WeekDay.swift in Sources */ = {isa = PBXBuildFile; fileRef = 5E83E7F82811E7FC00160AA8 /* WeekDay.swift */; };
		5E83E7FB281296BE00160AA8 /* UICollectionView.swift in Sources */ = {isa = PBXBuildFile; fileRef = 5E83E7FA281296BE00160AA8 /* UICollectionView.swift */; };
		5E83E7FD281296CC00160AA8 /* UICollectionViewCell.swift in Sources */ = {isa = PBXBuildFile; fileRef = 5E83E7FC281296CC00160AA8 /* UICollectionViewCell.swift */; };
		5E83E800281297D300160AA8 /* CalendarCollectionViewCell.swift in Sources */ = {isa = PBXBuildFile; fileRef = 5E83E7FF281297D300160AA8 /* CalendarCollectionViewCell.swift */; };
		5E83E8022812EFAA00160AA8 /* Arrow.swift in Sources */ = {isa = PBXBuildFile; fileRef = 5E83E8012812EFAA00160AA8 /* Arrow.swift */; };
		5E83E8042812F07100160AA8 /* CalendarHelper.swift in Sources */ = {isa = PBXBuildFile; fileRef = 5E83E8032812F07100160AA8 /* CalendarHelper.swift */; };
		5E99A81A2817DFA800676A2A /* ContainerViewController.swift in Sources */ = {isa = PBXBuildFile; fileRef = 5E99A8192817DFA800676A2A /* ContainerViewController.swift */; };
		5E99A81C2817E34F00676A2A /* ContainerViewCell.swift in Sources */ = {isa = PBXBuildFile; fileRef = 5E99A81B2817E34F00676A2A /* ContainerViewCell.swift */; };
		5E99A81F2817E65100676A2A /* TaskViewController.swift in Sources */ = {isa = PBXBuildFile; fileRef = 5E99A81E2817E65000676A2A /* TaskViewController.swift */; };
		5E99A8212817E6C500676A2A /* TaskPresenter.swift in Sources */ = {isa = PBXBuildFile; fileRef = 5E99A8202817E6C500676A2A /* TaskPresenter.swift */; };
		5E99A8232817E91D00676A2A /* ContainerPresenter.swift in Sources */ = {isa = PBXBuildFile; fileRef = 5E99A8222817E91D00676A2A /* ContainerPresenter.swift */; };
		DEF0BB670C13A8A6437AE51A /* Pods_TaskBook.framework in Frameworks */ = {isa = PBXBuildFile; fileRef = 39B0D0D72EF6E9835BC9363D /* Pods_TaskBook.framework */; };
/* End PBXBuildFile section */

/* Begin PBXContainerItemProxy section */
		5E4E97FE280F1C6500ED5D15 /* PBXContainerItemProxy */ = {
			isa = PBXContainerItemProxy;
			containerPortal = 5E4E97DF280F1C6500ED5D15 /* Project object */;
			proxyType = 1;
			remoteGlobalIDString = 5E4E97E6280F1C6500ED5D15;
			remoteInfo = TaskBook;
		};
		5E4E9808280F1C6500ED5D15 /* PBXContainerItemProxy */ = {
			isa = PBXContainerItemProxy;
			containerPortal = 5E4E97DF280F1C6500ED5D15 /* Project object */;
			proxyType = 1;
			remoteGlobalIDString = 5E4E97E6280F1C6500ED5D15;
			remoteInfo = TaskBook;
		};
/* End PBXContainerItemProxy section */

/* Begin PBXFileReference section */
		15E7A599BE142D07F8BE235F /* Pods_TaskBook_TaskBookUITests.framework */ = {isa = PBXFileReference; explicitFileType = wrapper.framework; includeInIndex = 0; path = Pods_TaskBook_TaskBookUITests.framework; sourceTree = BUILT_PRODUCTS_DIR; };
		1B12277D214029184585C3D0 /* Pods_TaskBookTests.framework */ = {isa = PBXFileReference; explicitFileType = wrapper.framework; includeInIndex = 0; path = Pods_TaskBookTests.framework; sourceTree = BUILT_PRODUCTS_DIR; };
		1E9E9136F88D23D100129B4C /* Pods-TaskBook.release.xcconfig */ = {isa = PBXFileReference; includeInIndex = 1; lastKnownFileType = text.xcconfig; name = "Pods-TaskBook.release.xcconfig"; path = "Target Support Files/Pods-TaskBook/Pods-TaskBook.release.xcconfig"; sourceTree = "<group>"; };
		39B0D0D72EF6E9835BC9363D /* Pods_TaskBook.framework */ = {isa = PBXFileReference; explicitFileType = wrapper.framework; includeInIndex = 0; path = Pods_TaskBook.framework; sourceTree = BUILT_PRODUCTS_DIR; };
		403E49BE1379066166F73FC1 /* Pods-TaskBook-TaskBookUITests.release.xcconfig */ = {isa = PBXFileReference; includeInIndex = 1; lastKnownFileType = text.xcconfig; name = "Pods-TaskBook-TaskBookUITests.release.xcconfig"; path = "Target Support Files/Pods-TaskBook-TaskBookUITests/Pods-TaskBook-TaskBookUITests.release.xcconfig"; sourceTree = "<group>"; };
		5E4E97E7280F1C6500ED5D15 /* TaskBook.app */ = {isa = PBXFileReference; explicitFileType = wrapper.application; includeInIndex = 0; path = TaskBook.app; sourceTree = BUILT_PRODUCTS_DIR; };
		5E4E97EA280F1C6500ED5D15 /* AppDelegate.swift */ = {isa = PBXFileReference; lastKnownFileType = sourcecode.swift; path = AppDelegate.swift; sourceTree = "<group>"; };
		5E4E97EC280F1C6500ED5D15 /* SceneDelegate.swift */ = {isa = PBXFileReference; lastKnownFileType = sourcecode.swift; path = SceneDelegate.swift; sourceTree = "<group>"; };
		5E4E97EE280F1C6500ED5D15 /* CalendarViewController.swift */ = {isa = PBXFileReference; lastKnownFileType = sourcecode.swift; path = CalendarViewController.swift; sourceTree = "<group>"; };
		5E4E97F3280F1C6500ED5D15 /* Assets.xcassets */ = {isa = PBXFileReference; lastKnownFileType = folder.assetcatalog; path = Assets.xcassets; sourceTree = "<group>"; };
		5E4E97F6280F1C6500ED5D15 /* Base */ = {isa = PBXFileReference; lastKnownFileType = file.storyboard; name = Base; path = Base.lproj/LaunchScreen.storyboard; sourceTree = "<group>"; };
		5E4E97F8280F1C6500ED5D15 /* Info.plist */ = {isa = PBXFileReference; lastKnownFileType = text.plist.xml; path = Info.plist; sourceTree = "<group>"; };
		5E4E97FD280F1C6500ED5D15 /* TaskBookTests.xctest */ = {isa = PBXFileReference; explicitFileType = wrapper.cfbundle; includeInIndex = 0; path = TaskBookTests.xctest; sourceTree = BUILT_PRODUCTS_DIR; };
		5E4E9801280F1C6500ED5D15 /* TaskBookTests.swift */ = {isa = PBXFileReference; lastKnownFileType = sourcecode.swift; path = TaskBookTests.swift; sourceTree = "<group>"; };
		5E4E9807280F1C6500ED5D15 /* TaskBookUITests.xctest */ = {isa = PBXFileReference; explicitFileType = wrapper.cfbundle; includeInIndex = 0; path = TaskBookUITests.xctest; sourceTree = BUILT_PRODUCTS_DIR; };
		5E4E980B280F1C6500ED5D15 /* TaskBookUITests.swift */ = {isa = PBXFileReference; lastKnownFileType = sourcecode.swift; path = TaskBookUITests.swift; sourceTree = "<group>"; };
		5E4E980D280F1C6500ED5D15 /* TaskBookUITestsLaunchTests.swift */ = {isa = PBXFileReference; lastKnownFileType = sourcecode.swift; path = TaskBookUITestsLaunchTests.swift; sourceTree = "<group>"; };
		5E83E7EB2810873D00160AA8 /* ModuleBuilder.swift */ = {isa = PBXFileReference; lastKnownFileType = sourcecode.swift; path = ModuleBuilder.swift; sourceTree = "<group>"; };
		5E83E7EE281087F300160AA8 /* CalendarPresenter.swift */ = {isa = PBXFileReference; lastKnownFileType = sourcecode.swift; path = CalendarPresenter.swift; sourceTree = "<group>"; };
		5E83E7F1281147BE00160AA8 /* UIView.swift */ = {isa = PBXFileReference; lastKnownFileType = sourcecode.swift; path = UIView.swift; sourceTree = "<group>"; };
		5E83E7F3281147E800160AA8 /* UITableView.swift */ = {isa = PBXFileReference; lastKnownFileType = sourcecode.swift; path = UITableView.swift; sourceTree = "<group>"; };
		5E83E7F52811480D00160AA8 /* UITableViewCell.swift */ = {isa = PBXFileReference; lastKnownFileType = sourcecode.swift; path = UITableViewCell.swift; sourceTree = "<group>"; };
		5E83E7F82811E7FC00160AA8 /* WeekDay.swift */ = {isa = PBXFileReference; lastKnownFileType = sourcecode.swift; path = WeekDay.swift; sourceTree = "<group>"; };
		5E83E7FA281296BE00160AA8 /* UICollectionView.swift */ = {isa = PBXFileReference; lastKnownFileType = sourcecode.swift; path = UICollectionView.swift; sourceTree = "<group>"; };
		5E83E7FC281296CC00160AA8 /* UICollectionViewCell.swift */ = {isa = PBXFileReference; lastKnownFileType = sourcecode.swift; path = UICollectionViewCell.swift; sourceTree = "<group>"; };
		5E83E7FF281297D300160AA8 /* CalendarCollectionViewCell.swift */ = {isa = PBXFileReference; lastKnownFileType = sourcecode.swift; path = CalendarCollectionViewCell.swift; sourceTree = "<group>"; };
		5E83E8012812EFAA00160AA8 /* Arrow.swift */ = {isa = PBXFileReference; lastKnownFileType = sourcecode.swift; path = Arrow.swift; sourceTree = "<group>"; };
		5E83E8032812F07100160AA8 /* CalendarHelper.swift */ = {isa = PBXFileReference; lastKnownFileType = sourcecode.swift; path = CalendarHelper.swift; sourceTree = "<group>"; };
		5E99A8192817DFA800676A2A /* ContainerViewController.swift */ = {isa = PBXFileReference; lastKnownFileType = sourcecode.swift; path = ContainerViewController.swift; sourceTree = "<group>"; };
		5E99A81B2817E34F00676A2A /* ContainerViewCell.swift */ = {isa = PBXFileReference; lastKnownFileType = sourcecode.swift; path = ContainerViewCell.swift; sourceTree = "<group>"; };
		5E99A81E2817E65000676A2A /* TaskViewController.swift */ = {isa = PBXFileReference; lastKnownFileType = sourcecode.swift; path = TaskViewController.swift; sourceTree = "<group>"; };
		5E99A8202817E6C500676A2A /* TaskPresenter.swift */ = {isa = PBXFileReference; lastKnownFileType = sourcecode.swift; path = TaskPresenter.swift; sourceTree = "<group>"; };
		5E99A8222817E91D00676A2A /* ContainerPresenter.swift */ = {isa = PBXFileReference; lastKnownFileType = sourcecode.swift; path = ContainerPresenter.swift; sourceTree = "<group>"; };
		AAE7A5DB3D68798D596C118A /* Pods-TaskBookTests.debug.xcconfig */ = {isa = PBXFileReference; includeInIndex = 1; lastKnownFileType = text.xcconfig; name = "Pods-TaskBookTests.debug.xcconfig"; path = "Target Support Files/Pods-TaskBookTests/Pods-TaskBookTests.debug.xcconfig"; sourceTree = "<group>"; };
		BC21F2CF7DC5D63512A85FC6 /* Pods-TaskBookTests.release.xcconfig */ = {isa = PBXFileReference; includeInIndex = 1; lastKnownFileType = text.xcconfig; name = "Pods-TaskBookTests.release.xcconfig"; path = "Target Support Files/Pods-TaskBookTests/Pods-TaskBookTests.release.xcconfig"; sourceTree = "<group>"; };
		C3103CCCF6483726B585EF92 /* Pods-TaskBook-TaskBookUITests.debug.xcconfig */ = {isa = PBXFileReference; includeInIndex = 1; lastKnownFileType = text.xcconfig; name = "Pods-TaskBook-TaskBookUITests.debug.xcconfig"; path = "Target Support Files/Pods-TaskBook-TaskBookUITests/Pods-TaskBook-TaskBookUITests.debug.xcconfig"; sourceTree = "<group>"; };
		FC96562DC3D5C65158EB16BA /* Pods-TaskBook.debug.xcconfig */ = {isa = PBXFileReference; includeInIndex = 1; lastKnownFileType = text.xcconfig; name = "Pods-TaskBook.debug.xcconfig"; path = "Target Support Files/Pods-TaskBook/Pods-TaskBook.debug.xcconfig"; sourceTree = "<group>"; };
/* End PBXFileReference section */

/* Begin PBXFrameworksBuildPhase section */
		5E4E97E4280F1C6500ED5D15 /* Frameworks */ = {
			isa = PBXFrameworksBuildPhase;
			buildActionMask = 2147483647;
			files = (
				DEF0BB670C13A8A6437AE51A /* Pods_TaskBook.framework in Frameworks */,
			);
			runOnlyForDeploymentPostprocessing = 0;
		};
		5E4E97FA280F1C6500ED5D15 /* Frameworks */ = {
			isa = PBXFrameworksBuildPhase;
			buildActionMask = 2147483647;
			files = (
				5BB887392046AD98D06030FB /* Pods_TaskBookTests.framework in Frameworks */,
			);
			runOnlyForDeploymentPostprocessing = 0;
		};
		5E4E9804280F1C6500ED5D15 /* Frameworks */ = {
			isa = PBXFrameworksBuildPhase;
			buildActionMask = 2147483647;
			files = (
				4C470DA5F0C1D835B61D38D0 /* Pods_TaskBook_TaskBookUITests.framework in Frameworks */,
			);
			runOnlyForDeploymentPostprocessing = 0;
		};
/* End PBXFrameworksBuildPhase section */

/* Begin PBXGroup section */
		5E4E97DE280F1C6500ED5D15 = {
			isa = PBXGroup;
			children = (
				5E4E97E9280F1C6500ED5D15 /* TaskBook */,
				5E83E7ED2810874300160AA8 /* Modules */,
				5E4E9800280F1C6500ED5D15 /* TaskBookTests */,
				5E4E980A280F1C6500ED5D15 /* TaskBookUITests */,
				5E4E97E8280F1C6500ED5D15 /* Products */,
				AA779D8B297EB361EE1F374A /* Pods */,
				60C665D51D670A4DF73A9924 /* Frameworks */,
			);
			sourceTree = "<group>";
		};
		5E4E97E8280F1C6500ED5D15 /* Products */ = {
			isa = PBXGroup;
			children = (
				5E4E97E7280F1C6500ED5D15 /* TaskBook.app */,
				5E4E97FD280F1C6500ED5D15 /* TaskBookTests.xctest */,
				5E4E9807280F1C6500ED5D15 /* TaskBookUITests.xctest */,
			);
			name = Products;
			sourceTree = "<group>";
		};
		5E4E97E9280F1C6500ED5D15 /* TaskBook */ = {
			isa = PBXGroup;
			children = (
				5E83E7E92810861F00160AA8 /* Aplication */,
				5E83E7E8281085FC00160AA8 /* Core */,
			);
			path = TaskBook;
			sourceTree = "<group>";
		};
		5E4E9800280F1C6500ED5D15 /* TaskBookTests */ = {
			isa = PBXGroup;
			children = (
				5E4E9801280F1C6500ED5D15 /* TaskBookTests.swift */,
			);
			path = TaskBookTests;
			sourceTree = "<group>";
		};
		5E4E980A280F1C6500ED5D15 /* TaskBookUITests */ = {
			isa = PBXGroup;
			children = (
				5E4E980B280F1C6500ED5D15 /* TaskBookUITests.swift */,
				5E4E980D280F1C6500ED5D15 /* TaskBookUITestsLaunchTests.swift */,
			);
			path = TaskBookUITests;
			sourceTree = "<group>";
		};
		5E83E7E7281085E600160AA8 /* Resources */ = {
			isa = PBXGroup;
			children = (
				5E4E97F3280F1C6500ED5D15 /* Assets.xcassets */,
			);
			path = Resources;
			sourceTree = "<group>";
		};
		5E83E7E8281085FC00160AA8 /* Core */ = {
			isa = PBXGroup;
			children = (
				5E83E7F72811E7EE00160AA8 /* Models */,
				5E83E7EA2810872A00160AA8 /* ServiceLayer */,
				5E83E7F0281147B200160AA8 /* Extensions */,
				5E83E7FE2812979C00160AA8 /* Cells */,
			);
			path = Core;
			sourceTree = "<group>";
		};
		5E83E7E92810861F00160AA8 /* Aplication */ = {
			isa = PBXGroup;
			children = (
				5E83E7E7281085E600160AA8 /* Resources */,
				5E4E97EA280F1C6500ED5D15 /* AppDelegate.swift */,
				5E4E97EC280F1C6500ED5D15 /* SceneDelegate.swift */,
				5E4E97F5280F1C6500ED5D15 /* LaunchScreen.storyboard */,
				5E4E97F8280F1C6500ED5D15 /* Info.plist */,
			);
			path = Aplication;
			sourceTree = "<group>";
		};
		5E83E7EA2810872A00160AA8 /* ServiceLayer */ = {
			isa = PBXGroup;
			children = (
				5E83E7EB2810873D00160AA8 /* ModuleBuilder.swift */,
				5E83E8032812F07100160AA8 /* CalendarHelper.swift */,
			);
			path = ServiceLayer;
			sourceTree = "<group>";
		};
		5E83E7ED2810874300160AA8 /* Modules */ = {
			isa = PBXGroup;
			children = (
				5E99A8182817DF8700676A2A /* ContainerTableView */,
				5E99A8172817D86600676A2A /* Calendar */,
				5E99A81D2817E62C00676A2A /* TaskTableView */,
			);
			path = Modules;
			sourceTree = "<group>";
		};
		5E83E7F0281147B200160AA8 /* Extensions */ = {
			isa = PBXGroup;
			children = (
				5E83E7F1281147BE00160AA8 /* UIView.swift */,
				5E83E7F3281147E800160AA8 /* UITableView.swift */,
				5E83E7F52811480D00160AA8 /* UITableViewCell.swift */,
				5E83E7FA281296BE00160AA8 /* UICollectionView.swift */,
				5E83E7FC281296CC00160AA8 /* UICollectionViewCell.swift */,
			);
			path = Extensions;
			sourceTree = "<group>";
		};
		5E83E7F72811E7EE00160AA8 /* Models */ = {
			isa = PBXGroup;
			children = (
				5E83E7F82811E7FC00160AA8 /* WeekDay.swift */,
				5E83E8012812EFAA00160AA8 /* Arrow.swift */,
			);
			path = Models;
			sourceTree = "<group>";
		};
		5E83E7FE2812979C00160AA8 /* Cells */ = {
			isa = PBXGroup;
			children = (
				5E83E7FF281297D300160AA8 /* CalendarCollectionViewCell.swift */,
				5E99A81B2817E34F00676A2A /* ContainerViewCell.swift */,
			);
			path = Cells;
			sourceTree = "<group>";
		};
		5E99A8172817D86600676A2A /* Calendar */ = {
			isa = PBXGroup;
			children = (
				5E4E97EE280F1C6500ED5D15 /* CalendarViewController.swift */,
				5E83E7EE281087F300160AA8 /* CalendarPresenter.swift */,
			);
			path = Calendar;
			sourceTree = "<group>";
		};
		5E99A8182817DF8700676A2A /* ContainerTableView */ = {
			isa = PBXGroup;
			children = (
				5E99A8192817DFA800676A2A /* ContainerViewController.swift */,
				5E99A8222817E91D00676A2A /* ContainerPresenter.swift */,
			);
			path = ContainerTableView;
			sourceTree = "<group>";
		};
		5E99A81D2817E62C00676A2A /* TaskTableView */ = {
			isa = PBXGroup;
			children = (
				5E99A81E2817E65000676A2A /* TaskViewController.swift */,
				5E99A8202817E6C500676A2A /* TaskPresenter.swift */,
			);
			path = TaskTableView;
			sourceTree = "<group>";
		};
		60C665D51D670A4DF73A9924 /* Frameworks */ = {
			isa = PBXGroup;
			children = (
				39B0D0D72EF6E9835BC9363D /* Pods_TaskBook.framework */,
				15E7A599BE142D07F8BE235F /* Pods_TaskBook_TaskBookUITests.framework */,
				1B12277D214029184585C3D0 /* Pods_TaskBookTests.framework */,
			);
			name = Frameworks;
			sourceTree = "<group>";
		};
		AA779D8B297EB361EE1F374A /* Pods */ = {
			isa = PBXGroup;
			children = (
				FC96562DC3D5C65158EB16BA /* Pods-TaskBook.debug.xcconfig */,
				1E9E9136F88D23D100129B4C /* Pods-TaskBook.release.xcconfig */,
				C3103CCCF6483726B585EF92 /* Pods-TaskBook-TaskBookUITests.debug.xcconfig */,
				403E49BE1379066166F73FC1 /* Pods-TaskBook-TaskBookUITests.release.xcconfig */,
				AAE7A5DB3D68798D596C118A /* Pods-TaskBookTests.debug.xcconfig */,
				BC21F2CF7DC5D63512A85FC6 /* Pods-TaskBookTests.release.xcconfig */,
			);
			path = Pods;
			sourceTree = "<group>";
		};
/* End PBXGroup section */

/* Begin PBXNativeTarget section */
		5E4E97E6280F1C6500ED5D15 /* TaskBook */ = {
			isa = PBXNativeTarget;
			buildConfigurationList = 5E4E9811280F1C6500ED5D15 /* Build configuration list for PBXNativeTarget "TaskBook" */;
			buildPhases = (
				5E83E8072816AC1A00160AA8 /* ShellScript */,
				E87BA21C3EC8F9D995FF2B10 /* [CP] Check Pods Manifest.lock */,
				5E4E97E3280F1C6500ED5D15 /* Sources */,
				5E4E97E4280F1C6500ED5D15 /* Frameworks */,
				5E4E97E5280F1C6500ED5D15 /* Resources */,
				3A9883C3F68403EF0233D386 /* [CP] Embed Pods Frameworks */,
			);
			buildRules = (
			);
			dependencies = (
			);
			name = TaskBook;
			productName = TaskBook;
			productReference = 5E4E97E7280F1C6500ED5D15 /* TaskBook.app */;
			productType = "com.apple.product-type.application";
		};
		5E4E97FC280F1C6500ED5D15 /* TaskBookTests */ = {
			isa = PBXNativeTarget;
			buildConfigurationList = 5E4E9814280F1C6500ED5D15 /* Build configuration list for PBXNativeTarget "TaskBookTests" */;
			buildPhases = (
				CE22F755A6B03E272DEC3C7A /* [CP] Check Pods Manifest.lock */,
				5E4E97F9280F1C6500ED5D15 /* Sources */,
				5E4E97FA280F1C6500ED5D15 /* Frameworks */,
				5E4E97FB280F1C6500ED5D15 /* Resources */,
			);
			buildRules = (
			);
			dependencies = (
				5E4E97FF280F1C6500ED5D15 /* PBXTargetDependency */,
			);
			name = TaskBookTests;
			productName = TaskBookTests;
			productReference = 5E4E97FD280F1C6500ED5D15 /* TaskBookTests.xctest */;
			productType = "com.apple.product-type.bundle.unit-test";
		};
		5E4E9806280F1C6500ED5D15 /* TaskBookUITests */ = {
			isa = PBXNativeTarget;
			buildConfigurationList = 5E4E9817280F1C6500ED5D15 /* Build configuration list for PBXNativeTarget "TaskBookUITests" */;
			buildPhases = (
				67180B184701BB2EDC311B6A /* [CP] Check Pods Manifest.lock */,
				5E4E9803280F1C6500ED5D15 /* Sources */,
				5E4E9804280F1C6500ED5D15 /* Frameworks */,
				5E4E9805280F1C6500ED5D15 /* Resources */,
				AA6D800718CCA74608F971C2 /* [CP] Embed Pods Frameworks */,
			);
			buildRules = (
			);
			dependencies = (
				5E4E9809280F1C6500ED5D15 /* PBXTargetDependency */,
			);
			name = TaskBookUITests;
			productName = TaskBookUITests;
			productReference = 5E4E9807280F1C6500ED5D15 /* TaskBookUITests.xctest */;
			productType = "com.apple.product-type.bundle.ui-testing";
		};
/* End PBXNativeTarget section */

/* Begin PBXProject section */
		5E4E97DF280F1C6500ED5D15 /* Project object */ = {
			isa = PBXProject;
			attributes = {
				BuildIndependentTargetsInParallel = 1;
				LastSwiftUpdateCheck = 1310;
				LastUpgradeCheck = 1310;
				TargetAttributes = {
					5E4E97E6280F1C6500ED5D15 = {
						CreatedOnToolsVersion = 13.1;
					};
					5E4E97FC280F1C6500ED5D15 = {
						CreatedOnToolsVersion = 13.1;
						TestTargetID = 5E4E97E6280F1C6500ED5D15;
					};
					5E4E9806280F1C6500ED5D15 = {
						CreatedOnToolsVersion = 13.1;
						TestTargetID = 5E4E97E6280F1C6500ED5D15;
					};
				};
			};
			buildConfigurationList = 5E4E97E2280F1C6500ED5D15 /* Build configuration list for PBXProject "TaskBook" */;
			compatibilityVersion = "Xcode 13.0";
			developmentRegion = en;
			hasScannedForEncodings = 0;
			knownRegions = (
				en,
				Base,
			);
			mainGroup = 5E4E97DE280F1C6500ED5D15;
			productRefGroup = 5E4E97E8280F1C6500ED5D15 /* Products */;
			projectDirPath = "";
			projectRoot = "";
			targets = (
				5E4E97E6280F1C6500ED5D15 /* TaskBook */,
				5E4E97FC280F1C6500ED5D15 /* TaskBookTests */,
				5E4E9806280F1C6500ED5D15 /* TaskBookUITests */,
			);
		};
/* End PBXProject section */

/* Begin PBXResourcesBuildPhase section */
		5E4E97E5280F1C6500ED5D15 /* Resources */ = {
			isa = PBXResourcesBuildPhase;
			buildActionMask = 2147483647;
			files = (
				5E4E97F7280F1C6500ED5D15 /* LaunchScreen.storyboard in Resources */,
				5E4E97F4280F1C6500ED5D15 /* Assets.xcassets in Resources */,
			);
			runOnlyForDeploymentPostprocessing = 0;
		};
		5E4E97FB280F1C6500ED5D15 /* Resources */ = {
			isa = PBXResourcesBuildPhase;
			buildActionMask = 2147483647;
			files = (
			);
			runOnlyForDeploymentPostprocessing = 0;
		};
		5E4E9805280F1C6500ED5D15 /* Resources */ = {
			isa = PBXResourcesBuildPhase;
			buildActionMask = 2147483647;
			files = (
			);
			runOnlyForDeploymentPostprocessing = 0;
		};
/* End PBXResourcesBuildPhase section */

/* Begin PBXShellScriptBuildPhase section */
		3A9883C3F68403EF0233D386 /* [CP] Embed Pods Frameworks */ = {
			isa = PBXShellScriptBuildPhase;
			buildActionMask = 2147483647;
			files = (
			);
			inputFileListPaths = (
				"${PODS_ROOT}/Target Support Files/Pods-TaskBook/Pods-TaskBook-frameworks-${CONFIGURATION}-input-files.xcfilelist",
			);
			name = "[CP] Embed Pods Frameworks";
			outputFileListPaths = (
				"${PODS_ROOT}/Target Support Files/Pods-TaskBook/Pods-TaskBook-frameworks-${CONFIGURATION}-output-files.xcfilelist",
			);
			runOnlyForDeploymentPostprocessing = 0;
			shellPath = /bin/sh;
			shellScript = "\"${PODS_ROOT}/Target Support Files/Pods-TaskBook/Pods-TaskBook-frameworks.sh\"\n";
			showEnvVarsInLog = 0;
		};
		5E83E8072816AC1A00160AA8 /* ShellScript */ = {
			isa = PBXShellScriptBuildPhase;
			buildActionMask = 2147483647;
			files = (
			);
			inputFileListPaths = (
			);
			inputPaths = (
			);
			outputFileListPaths = (
			);
			outputPaths = (
			);
			runOnlyForDeploymentPostprocessing = 0;
			shellPath = /bin/sh;
			shellScript = "${PODS_ROOT}/SwiftLint/swiftlint\n";
		};
		67180B184701BB2EDC311B6A /* [CP] Check Pods Manifest.lock */ = {
			isa = PBXShellScriptBuildPhase;
			buildActionMask = 2147483647;
			files = (
			);
			inputFileListPaths = (
			);
			inputPaths = (
				"${PODS_PODFILE_DIR_PATH}/Podfile.lock",
				"${PODS_ROOT}/Manifest.lock",
			);
			name = "[CP] Check Pods Manifest.lock";
			outputFileListPaths = (
			);
			outputPaths = (
				"$(DERIVED_FILE_DIR)/Pods-TaskBook-TaskBookUITests-checkManifestLockResult.txt",
			);
			runOnlyForDeploymentPostprocessing = 0;
			shellPath = /bin/sh;
			shellScript = "diff \"${PODS_PODFILE_DIR_PATH}/Podfile.lock\" \"${PODS_ROOT}/Manifest.lock\" > /dev/null\nif [ $? != 0 ] ; then\n    # print error to STDERR\n    echo \"error: The sandbox is not in sync with the Podfile.lock. Run 'pod install' or update your CocoaPods installation.\" >&2\n    exit 1\nfi\n# This output is used by Xcode 'outputs' to avoid re-running this script phase.\necho \"SUCCESS\" > \"${SCRIPT_OUTPUT_FILE_0}\"\n";
			showEnvVarsInLog = 0;
		};
		AA6D800718CCA74608F971C2 /* [CP] Embed Pods Frameworks */ = {
			isa = PBXShellScriptBuildPhase;
			buildActionMask = 2147483647;
			files = (
			);
			inputFileListPaths = (
				"${PODS_ROOT}/Target Support Files/Pods-TaskBook-TaskBookUITests/Pods-TaskBook-TaskBookUITests-frameworks-${CONFIGURATION}-input-files.xcfilelist",
			);
			name = "[CP] Embed Pods Frameworks";
			outputFileListPaths = (
				"${PODS_ROOT}/Target Support Files/Pods-TaskBook-TaskBookUITests/Pods-TaskBook-TaskBookUITests-frameworks-${CONFIGURATION}-output-files.xcfilelist",
			);
			runOnlyForDeploymentPostprocessing = 0;
			shellPath = /bin/sh;
			shellScript = "\"${PODS_ROOT}/Target Support Files/Pods-TaskBook-TaskBookUITests/Pods-TaskBook-TaskBookUITests-frameworks.sh\"\n";
			showEnvVarsInLog = 0;
		};
		CE22F755A6B03E272DEC3C7A /* [CP] Check Pods Manifest.lock */ = {
			isa = PBXShellScriptBuildPhase;
			buildActionMask = 2147483647;
			files = (
			);
			inputFileListPaths = (
			);
			inputPaths = (
				"${PODS_PODFILE_DIR_PATH}/Podfile.lock",
				"${PODS_ROOT}/Manifest.lock",
			);
			name = "[CP] Check Pods Manifest.lock";
			outputFileListPaths = (
			);
			outputPaths = (
				"$(DERIVED_FILE_DIR)/Pods-TaskBookTests-checkManifestLockResult.txt",
			);
			runOnlyForDeploymentPostprocessing = 0;
			shellPath = /bin/sh;
			shellScript = "diff \"${PODS_PODFILE_DIR_PATH}/Podfile.lock\" \"${PODS_ROOT}/Manifest.lock\" > /dev/null\nif [ $? != 0 ] ; then\n    # print error to STDERR\n    echo \"error: The sandbox is not in sync with the Podfile.lock. Run 'pod install' or update your CocoaPods installation.\" >&2\n    exit 1\nfi\n# This output is used by Xcode 'outputs' to avoid re-running this script phase.\necho \"SUCCESS\" > \"${SCRIPT_OUTPUT_FILE_0}\"\n";
			showEnvVarsInLog = 0;
		};
		E87BA21C3EC8F9D995FF2B10 /* [CP] Check Pods Manifest.lock */ = {
			isa = PBXShellScriptBuildPhase;
			buildActionMask = 2147483647;
			files = (
			);
			inputFileListPaths = (
			);
			inputPaths = (
				"${PODS_PODFILE_DIR_PATH}/Podfile.lock",
				"${PODS_ROOT}/Manifest.lock",
			);
			name = "[CP] Check Pods Manifest.lock";
			outputFileListPaths = (
			);
			outputPaths = (
				"$(DERIVED_FILE_DIR)/Pods-TaskBook-checkManifestLockResult.txt",
			);
			runOnlyForDeploymentPostprocessing = 0;
			shellPath = /bin/sh;
			shellScript = "diff \"${PODS_PODFILE_DIR_PATH}/Podfile.lock\" \"${PODS_ROOT}/Manifest.lock\" > /dev/null\nif [ $? != 0 ] ; then\n    # print error to STDERR\n    echo \"error: The sandbox is not in sync with the Podfile.lock. Run 'pod install' or update your CocoaPods installation.\" >&2\n    exit 1\nfi\n# This output is used by Xcode 'outputs' to avoid re-running this script phase.\necho \"SUCCESS\" > \"${SCRIPT_OUTPUT_FILE_0}\"\n";
			showEnvVarsInLog = 0;
		};
/* End PBXShellScriptBuildPhase section */

/* Begin PBXSourcesBuildPhase section */
		5E4E97E3280F1C6500ED5D15 /* Sources */ = {
			isa = PBXSourcesBuildPhase;
			buildActionMask = 2147483647;
			files = (
				5E99A81C2817E34F00676A2A /* ContainerViewCell.swift in Sources */,
				5E83E800281297D300160AA8 /* CalendarCollectionViewCell.swift in Sources */,
				5E83E7FB281296BE00160AA8 /* UICollectionView.swift in Sources */,
				5E99A8212817E6C500676A2A /* TaskPresenter.swift in Sources */,
				5E99A81A2817DFA800676A2A /* ContainerViewController.swift in Sources */,
				5E83E7F92811E7FC00160AA8 /* WeekDay.swift in Sources */,
				5E4E97EF280F1C6500ED5D15 /* CalendarViewController.swift in Sources */,
				5E83E7F62811480D00160AA8 /* UITableViewCell.swift in Sources */,
				5E4E97EB280F1C6500ED5D15 /* AppDelegate.swift in Sources */,
				5E4E97ED280F1C6500ED5D15 /* SceneDelegate.swift in Sources */,
				5E83E7FD281296CC00160AA8 /* UICollectionViewCell.swift in Sources */,
				5E83E7F4281147E800160AA8 /* UITableView.swift in Sources */,
				5E83E7EC2810873D00160AA8 /* ModuleBuilder.swift in Sources */,
				5E83E7F2281147BE00160AA8 /* UIView.swift in Sources */,
				5E83E7EF281087F300160AA8 /* CalendarPresenter.swift in Sources */,
				5E99A8232817E91D00676A2A /* ContainerPresenter.swift in Sources */,
				5E99A81F2817E65100676A2A /* TaskViewController.swift in Sources */,
				5E83E8022812EFAA00160AA8 /* Arrow.swift in Sources */,
				5E83E8042812F07100160AA8 /* CalendarHelper.swift in Sources */,
			);
			runOnlyForDeploymentPostprocessing = 0;
		};
		5E4E97F9280F1C6500ED5D15 /* Sources */ = {
			isa = PBXSourcesBuildPhase;
			buildActionMask = 2147483647;
			files = (
				5E4E9802280F1C6500ED5D15 /* TaskBookTests.swift in Sources */,
			);
			runOnlyForDeploymentPostprocessing = 0;
		};
		5E4E9803280F1C6500ED5D15 /* Sources */ = {
			isa = PBXSourcesBuildPhase;
			buildActionMask = 2147483647;
			files = (
				5E4E980E280F1C6500ED5D15 /* TaskBookUITestsLaunchTests.swift in Sources */,
				5E4E980C280F1C6500ED5D15 /* TaskBookUITests.swift in Sources */,
			);
			runOnlyForDeploymentPostprocessing = 0;
		};
/* End PBXSourcesBuildPhase section */

/* Begin PBXTargetDependency section */
		5E4E97FF280F1C6500ED5D15 /* PBXTargetDependency */ = {
			isa = PBXTargetDependency;
			target = 5E4E97E6280F1C6500ED5D15 /* TaskBook */;
			targetProxy = 5E4E97FE280F1C6500ED5D15 /* PBXContainerItemProxy */;
		};
		5E4E9809280F1C6500ED5D15 /* PBXTargetDependency */ = {
			isa = PBXTargetDependency;
			target = 5E4E97E6280F1C6500ED5D15 /* TaskBook */;
			targetProxy = 5E4E9808280F1C6500ED5D15 /* PBXContainerItemProxy */;
		};
/* End PBXTargetDependency section */

/* Begin PBXVariantGroup section */
		5E4E97F5280F1C6500ED5D15 /* LaunchScreen.storyboard */ = {
			isa = PBXVariantGroup;
			children = (
				5E4E97F6280F1C6500ED5D15 /* Base */,
			);
			name = LaunchScreen.storyboard;
			sourceTree = "<group>";
		};
/* End PBXVariantGroup section */

/* Begin XCBuildConfiguration section */
		5E4E980F280F1C6500ED5D15 /* Debug */ = {
			isa = XCBuildConfiguration;
			buildSettings = {
				ALWAYS_SEARCH_USER_PATHS = NO;
				CLANG_ANALYZER_NONNULL = YES;
				CLANG_ANALYZER_NUMBER_OBJECT_CONVERSION = YES_AGGRESSIVE;
				CLANG_CXX_LANGUAGE_STANDARD = "gnu++17";
				CLANG_CXX_LIBRARY = "libc++";
				CLANG_ENABLE_MODULES = YES;
				CLANG_ENABLE_OBJC_ARC = YES;
				CLANG_ENABLE_OBJC_WEAK = YES;
				CLANG_WARN_BLOCK_CAPTURE_AUTORELEASING = YES;
				CLANG_WARN_BOOL_CONVERSION = YES;
				CLANG_WARN_COMMA = YES;
				CLANG_WARN_CONSTANT_CONVERSION = YES;
				CLANG_WARN_DEPRECATED_OBJC_IMPLEMENTATIONS = YES;
				CLANG_WARN_DIRECT_OBJC_ISA_USAGE = YES_ERROR;
				CLANG_WARN_DOCUMENTATION_COMMENTS = YES;
				CLANG_WARN_EMPTY_BODY = YES;
				CLANG_WARN_ENUM_CONVERSION = YES;
				CLANG_WARN_INFINITE_RECURSION = YES;
				CLANG_WARN_INT_CONVERSION = YES;
				CLANG_WARN_NON_LITERAL_NULL_CONVERSION = YES;
				CLANG_WARN_OBJC_IMPLICIT_RETAIN_SELF = YES;
				CLANG_WARN_OBJC_LITERAL_CONVERSION = YES;
				CLANG_WARN_OBJC_ROOT_CLASS = YES_ERROR;
				CLANG_WARN_QUOTED_INCLUDE_IN_FRAMEWORK_HEADER = YES;
				CLANG_WARN_RANGE_LOOP_ANALYSIS = YES;
				CLANG_WARN_STRICT_PROTOTYPES = YES;
				CLANG_WARN_SUSPICIOUS_MOVE = YES;
				CLANG_WARN_UNGUARDED_AVAILABILITY = YES_AGGRESSIVE;
				CLANG_WARN_UNREACHABLE_CODE = YES;
				CLANG_WARN__DUPLICATE_METHOD_MATCH = YES;
				COPY_PHASE_STRIP = NO;
				DEBUG_INFORMATION_FORMAT = dwarf;
				ENABLE_STRICT_OBJC_MSGSEND = YES;
				ENABLE_TESTABILITY = YES;
				GCC_C_LANGUAGE_STANDARD = gnu11;
				GCC_DYNAMIC_NO_PIC = NO;
				GCC_NO_COMMON_BLOCKS = YES;
				GCC_OPTIMIZATION_LEVEL = 0;
				GCC_PREPROCESSOR_DEFINITIONS = (
					"DEBUG=1",
					"$(inherited)",
				);
				GCC_WARN_64_TO_32_BIT_CONVERSION = YES;
				GCC_WARN_ABOUT_RETURN_TYPE = YES_ERROR;
				GCC_WARN_UNDECLARED_SELECTOR = YES;
				GCC_WARN_UNINITIALIZED_AUTOS = YES_AGGRESSIVE;
				GCC_WARN_UNUSED_FUNCTION = YES;
				GCC_WARN_UNUSED_VARIABLE = YES;
				IPHONEOS_DEPLOYMENT_TARGET = 15.0;
				MTL_ENABLE_DEBUG_INFO = INCLUDE_SOURCE;
				MTL_FAST_MATH = YES;
				ONLY_ACTIVE_ARCH = YES;
				SDKROOT = iphoneos;
				SWIFT_ACTIVE_COMPILATION_CONDITIONS = DEBUG;
				SWIFT_OPTIMIZATION_LEVEL = "-Onone";
			};
			name = Debug;
		};
		5E4E9810280F1C6500ED5D15 /* Release */ = {
			isa = XCBuildConfiguration;
			buildSettings = {
				ALWAYS_SEARCH_USER_PATHS = NO;
				CLANG_ANALYZER_NONNULL = YES;
				CLANG_ANALYZER_NUMBER_OBJECT_CONVERSION = YES_AGGRESSIVE;
				CLANG_CXX_LANGUAGE_STANDARD = "gnu++17";
				CLANG_CXX_LIBRARY = "libc++";
				CLANG_ENABLE_MODULES = YES;
				CLANG_ENABLE_OBJC_ARC = YES;
				CLANG_ENABLE_OBJC_WEAK = YES;
				CLANG_WARN_BLOCK_CAPTURE_AUTORELEASING = YES;
				CLANG_WARN_BOOL_CONVERSION = YES;
				CLANG_WARN_COMMA = YES;
				CLANG_WARN_CONSTANT_CONVERSION = YES;
				CLANG_WARN_DEPRECATED_OBJC_IMPLEMENTATIONS = YES;
				CLANG_WARN_DIRECT_OBJC_ISA_USAGE = YES_ERROR;
				CLANG_WARN_DOCUMENTATION_COMMENTS = YES;
				CLANG_WARN_EMPTY_BODY = YES;
				CLANG_WARN_ENUM_CONVERSION = YES;
				CLANG_WARN_INFINITE_RECURSION = YES;
				CLANG_WARN_INT_CONVERSION = YES;
				CLANG_WARN_NON_LITERAL_NULL_CONVERSION = YES;
				CLANG_WARN_OBJC_IMPLICIT_RETAIN_SELF = YES;
				CLANG_WARN_OBJC_LITERAL_CONVERSION = YES;
				CLANG_WARN_OBJC_ROOT_CLASS = YES_ERROR;
				CLANG_WARN_QUOTED_INCLUDE_IN_FRAMEWORK_HEADER = YES;
				CLANG_WARN_RANGE_LOOP_ANALYSIS = YES;
				CLANG_WARN_STRICT_PROTOTYPES = YES;
				CLANG_WARN_SUSPICIOUS_MOVE = YES;
				CLANG_WARN_UNGUARDED_AVAILABILITY = YES_AGGRESSIVE;
				CLANG_WARN_UNREACHABLE_CODE = YES;
				CLANG_WARN__DUPLICATE_METHOD_MATCH = YES;
				COPY_PHASE_STRIP = NO;
				DEBUG_INFORMATION_FORMAT = "dwarf-with-dsym";
				ENABLE_NS_ASSERTIONS = NO;
				ENABLE_STRICT_OBJC_MSGSEND = YES;
				GCC_C_LANGUAGE_STANDARD = gnu11;
				GCC_NO_COMMON_BLOCKS = YES;
				GCC_WARN_64_TO_32_BIT_CONVERSION = YES;
				GCC_WARN_ABOUT_RETURN_TYPE = YES_ERROR;
				GCC_WARN_UNDECLARED_SELECTOR = YES;
				GCC_WARN_UNINITIALIZED_AUTOS = YES_AGGRESSIVE;
				GCC_WARN_UNUSED_FUNCTION = YES;
				GCC_WARN_UNUSED_VARIABLE = YES;
				IPHONEOS_DEPLOYMENT_TARGET = 15.0;
				MTL_ENABLE_DEBUG_INFO = NO;
				MTL_FAST_MATH = YES;
				SDKROOT = iphoneos;
				SWIFT_COMPILATION_MODE = wholemodule;
				SWIFT_OPTIMIZATION_LEVEL = "-O";
				VALIDATE_PRODUCT = YES;
			};
			name = Release;
		};
		5E4E9812280F1C6500ED5D15 /* Debug */ = {
			isa = XCBuildConfiguration;
			baseConfigurationReference = FC96562DC3D5C65158EB16BA /* Pods-TaskBook.debug.xcconfig */;
			buildSettings = {
				ASSETCATALOG_COMPILER_APPICON_NAME = AppIcon;
				ASSETCATALOG_COMPILER_GLOBAL_ACCENT_COLOR_NAME = AccentColor;
				CODE_SIGN_STYLE = Automatic;
				CURRENT_PROJECT_VERSION = 1;
				GENERATE_INFOPLIST_FILE = YES;
				INFOPLIST_FILE = TaskBook/Aplication/Info.plist;
				INFOPLIST_KEY_UIApplicationSupportsIndirectInputEvents = YES;
				INFOPLIST_KEY_UILaunchStoryboardName = LaunchScreen;
				INFOPLIST_KEY_UISupportedInterfaceOrientations = UIInterfaceOrientationPortrait;
				INFOPLIST_KEY_UISupportedInterfaceOrientations_iPad = "UIInterfaceOrientationPortrait UIInterfaceOrientationPortraitUpsideDown UIInterfaceOrientationLandscapeLeft UIInterfaceOrientationLandscapeRight";
				INFOPLIST_KEY_UISupportedInterfaceOrientations_iPhone = UIInterfaceOrientationPortrait;
				LD_RUNPATH_SEARCH_PATHS = (
					"$(inherited)",
					"@executable_path/Frameworks",
				);
				MARKETING_VERSION = 1.0;
				PRODUCT_BUNDLE_IDENTIFIER = "-23.TaskBook";
				PRODUCT_NAME = "$(TARGET_NAME)";
				SWIFT_EMIT_LOC_STRINGS = YES;
				SWIFT_VERSION = 5.0;
				TARGETED_DEVICE_FAMILY = "1,2";
			};
			name = Debug;
		};
		5E4E9813280F1C6500ED5D15 /* Release */ = {
			isa = XCBuildConfiguration;
			baseConfigurationReference = 1E9E9136F88D23D100129B4C /* Pods-TaskBook.release.xcconfig */;
			buildSettings = {
				ASSETCATALOG_COMPILER_APPICON_NAME = AppIcon;
				ASSETCATALOG_COMPILER_GLOBAL_ACCENT_COLOR_NAME = AccentColor;
				CODE_SIGN_STYLE = Automatic;
				CURRENT_PROJECT_VERSION = 1;
				GENERATE_INFOPLIST_FILE = YES;
				INFOPLIST_FILE = TaskBook/Aplication/Info.plist;
				INFOPLIST_KEY_UIApplicationSupportsIndirectInputEvents = YES;
				INFOPLIST_KEY_UILaunchStoryboardName = LaunchScreen;
				INFOPLIST_KEY_UISupportedInterfaceOrientations = UIInterfaceOrientationPortrait;
				INFOPLIST_KEY_UISupportedInterfaceOrientations_iPad = "UIInterfaceOrientationPortrait UIInterfaceOrientationPortraitUpsideDown UIInterfaceOrientationLandscapeLeft UIInterfaceOrientationLandscapeRight";
				INFOPLIST_KEY_UISupportedInterfaceOrientations_iPhone = UIInterfaceOrientationPortrait;
				LD_RUNPATH_SEARCH_PATHS = (
					"$(inherited)",
					"@executable_path/Frameworks",
				);
				MARKETING_VERSION = 1.0;
				PRODUCT_BUNDLE_IDENTIFIER = "-23.TaskBook";
				PRODUCT_NAME = "$(TARGET_NAME)";
				SWIFT_EMIT_LOC_STRINGS = YES;
				SWIFT_VERSION = 5.0;
				TARGETED_DEVICE_FAMILY = "1,2";
			};
			name = Release;
		};
		5E4E9815280F1C6500ED5D15 /* Debug */ = {
			isa = XCBuildConfiguration;
			baseConfigurationReference = AAE7A5DB3D68798D596C118A /* Pods-TaskBookTests.debug.xcconfig */;
			buildSettings = {
				ALWAYS_EMBED_SWIFT_STANDARD_LIBRARIES = YES;
				BUNDLE_LOADER = "$(TEST_HOST)";
				CODE_SIGN_STYLE = Automatic;
				CURRENT_PROJECT_VERSION = 1;
				GENERATE_INFOPLIST_FILE = YES;
				IPHONEOS_DEPLOYMENT_TARGET = 15.0;
				LD_RUNPATH_SEARCH_PATHS = (
					"$(inherited)",
					"@executable_path/Frameworks",
					"@loader_path/Frameworks",
				);
				MARKETING_VERSION = 1.0;
				PRODUCT_BUNDLE_IDENTIFIER = "-23.TaskBookTests";
				PRODUCT_NAME = "$(TARGET_NAME)";
				SWIFT_EMIT_LOC_STRINGS = NO;
				SWIFT_VERSION = 5.0;
				TARGETED_DEVICE_FAMILY = "1,2";
				TEST_HOST = "$(BUILT_PRODUCTS_DIR)/TaskBook.app/TaskBook";
			};
			name = Debug;
		};
		5E4E9816280F1C6500ED5D15 /* Release */ = {
			isa = XCBuildConfiguration;
			baseConfigurationReference = BC21F2CF7DC5D63512A85FC6 /* Pods-TaskBookTests.release.xcconfig */;
			buildSettings = {
				ALWAYS_EMBED_SWIFT_STANDARD_LIBRARIES = YES;
				BUNDLE_LOADER = "$(TEST_HOST)";
				CODE_SIGN_STYLE = Automatic;
				CURRENT_PROJECT_VERSION = 1;
				GENERATE_INFOPLIST_FILE = YES;
				IPHONEOS_DEPLOYMENT_TARGET = 15.0;
				LD_RUNPATH_SEARCH_PATHS = (
					"$(inherited)",
					"@executable_path/Frameworks",
					"@loader_path/Frameworks",
				);
				MARKETING_VERSION = 1.0;
				PRODUCT_BUNDLE_IDENTIFIER = "-23.TaskBookTests";
				PRODUCT_NAME = "$(TARGET_NAME)";
				SWIFT_EMIT_LOC_STRINGS = NO;
				SWIFT_VERSION = 5.0;
				TARGETED_DEVICE_FAMILY = "1,2";
				TEST_HOST = "$(BUILT_PRODUCTS_DIR)/TaskBook.app/TaskBook";
			};
			name = Release;
		};
		5E4E9818280F1C6500ED5D15 /* Debug */ = {
			isa = XCBuildConfiguration;
			baseConfigurationReference = C3103CCCF6483726B585EF92 /* Pods-TaskBook-TaskBookUITests.debug.xcconfig */;
			buildSettings = {
				ALWAYS_EMBED_SWIFT_STANDARD_LIBRARIES = YES;
				CODE_SIGN_STYLE = Automatic;
				CURRENT_PROJECT_VERSION = 1;
				GENERATE_INFOPLIST_FILE = YES;
				LD_RUNPATH_SEARCH_PATHS = (
					"$(inherited)",
					"@executable_path/Frameworks",
					"@loader_path/Frameworks",
				);
				MARKETING_VERSION = 1.0;
				PRODUCT_BUNDLE_IDENTIFIER = "-23.TaskBookUITests";
				PRODUCT_NAME = "$(TARGET_NAME)";
				SWIFT_EMIT_LOC_STRINGS = NO;
				SWIFT_VERSION = 5.0;
				TARGETED_DEVICE_FAMILY = "1,2";
				TEST_TARGET_NAME = TaskBook;
			};
			name = Debug;
		};
		5E4E9819280F1C6500ED5D15 /* Release */ = {
			isa = XCBuildConfiguration;
			baseConfigurationReference = 403E49BE1379066166F73FC1 /* Pods-TaskBook-TaskBookUITests.release.xcconfig */;
			buildSettings = {
				ALWAYS_EMBED_SWIFT_STANDARD_LIBRARIES = YES;
				CODE_SIGN_STYLE = Automatic;
				CURRENT_PROJECT_VERSION = 1;
				GENERATE_INFOPLIST_FILE = YES;
				LD_RUNPATH_SEARCH_PATHS = (
					"$(inherited)",
					"@executable_path/Frameworks",
					"@loader_path/Frameworks",
				);
				MARKETING_VERSION = 1.0;
				PRODUCT_BUNDLE_IDENTIFIER = "-23.TaskBookUITests";
				PRODUCT_NAME = "$(TARGET_NAME)";
				SWIFT_EMIT_LOC_STRINGS = NO;
				SWIFT_VERSION = 5.0;
				TARGETED_DEVICE_FAMILY = "1,2";
				TEST_TARGET_NAME = TaskBook;
			};
			name = Release;
		};
/* End XCBuildConfiguration section */

/* Begin XCConfigurationList section */
		5E4E97E2280F1C6500ED5D15 /* Build configuration list for PBXProject "TaskBook" */ = {
			isa = XCConfigurationList;
			buildConfigurations = (
				5E4E980F280F1C6500ED5D15 /* Debug */,
				5E4E9810280F1C6500ED5D15 /* Release */,
			);
			defaultConfigurationIsVisible = 0;
			defaultConfigurationName = Release;
		};
		5E4E9811280F1C6500ED5D15 /* Build configuration list for PBXNativeTarget "TaskBook" */ = {
			isa = XCConfigurationList;
			buildConfigurations = (
				5E4E9812280F1C6500ED5D15 /* Debug */,
				5E4E9813280F1C6500ED5D15 /* Release */,
			);
			defaultConfigurationIsVisible = 0;
			defaultConfigurationName = Release;
		};
		5E4E9814280F1C6500ED5D15 /* Build configuration list for PBXNativeTarget "TaskBookTests" */ = {
			isa = XCConfigurationList;
			buildConfigurations = (
				5E4E9815280F1C6500ED5D15 /* Debug */,
				5E4E9816280F1C6500ED5D15 /* Release */,
			);
			defaultConfigurationIsVisible = 0;
			defaultConfigurationName = Release;
		};
		5E4E9817280F1C6500ED5D15 /* Build configuration list for PBXNativeTarget "TaskBookUITests" */ = {
			isa = XCConfigurationList;
			buildConfigurations = (
				5E4E9818280F1C6500ED5D15 /* Debug */,
				5E4E9819280F1C6500ED5D15 /* Release */,
			);
			defaultConfigurationIsVisible = 0;
			defaultConfigurationName = Release;
		};
/* End XCConfigurationList section */
	};
	rootObject = 5E4E97DF280F1C6500ED5D15 /* Project object */;
}
